
Microsoft Visual Studio Solution File, Format Version 12.00
# Visual Studio Version 16
VisualStudioVersion = 16.0.30611.23
MinimumVisualStudioVersion = 10.0.40219.1
Project("{FAE04EC0-301F-11D3-BF4B-00C04F79EFBC}") = "netcore_mvc_example", "netcore_mvc_example.csproj", "{301C7907-CCF7-430D-A351-B31041A15485}"
EndProject
Global
	GlobalSection(SolutionConfigurationPlatforms) = preSolution
		Debug|Any CPU = Debug|Any CPU
		Release|Any CPU = Release|Any CPU
	EndGlobalSection
	GlobalSection(ProjectConfigurationPlatforms) = postSolution
		{301C7907-CCF7-430D-A351-B31041A15485}.Debug|Any CPU.ActiveCfg = Debug|Any CPU
		{301C7907-CCF7-430D-A351-B31041A15485}.Debug|Any CPU.Build.0 = Debug|Any CPU
		{301C7907-CCF7-430D-A351-B31041A15485}.Release|Any CPU.ActiveCfg = Release|Any CPU
		{301C7907-CCF7-430D-A351-B31041A15485}.Release|Any CPU.Build.0 = Release|Any CPU
	EndGlobalSection
	GlobalSection(SolutionProperties) = preSolution
		HideSolutionNode = FALSE
	EndGlobalSection
	GlobalSection(ExtensibilityGlobals) = postSolution
		SolutionGuid = {44E80DEE-3D19-4F39-A2B5-1A463825DC25}
	EndGlobalSection
EndGlobal
